# This file is automatically @generated by Cargo.
# It is not intended for manual editing.
version = 4

[[package]]
name = "kanban-app"
version = "0.1.0"

[[package]]
name = "kanban-domain"
version = "0.1.0"

[[package]]
name = "kanban-dto"
version = "0.1.0"

[[package]]
name = "kanban-herdr"
version = "0.1.0"

[[package]]
name = "kanban-mcp"
version = "0.1.0"

[[package]]
name = "kanban-service"
version = "0.1.0"

[[package]]
name = "kanban-storage"
version = "0.1.0"

[[package]]
name = "kanban-transport"
version = "0.1.0"
